github.com/StackExchange/wmi v0.0.0-20180412205111-cdffdb33acae/go.mod h1:3eOhrUMpNV+6aFIbp5/iudMxNCF27Vw2OZgy4xEx0Fg=
github.com/common-nighthawk/go-figure v0.0.0-20180619031829-18b2b544842c h1:KJ5BNDIKwk6Ayx61ONcQiB9P8leud+Lze6IRayV23XY=
github.com/common-nighthawk/go-figure v0.0.0-20180619031829-18b2b544842c/go.mod h1:mk5IQ+Y0ZeO87b858TlA645sVcEcbiX6YqP98kt+7+w=
github.com/eiannone/keyboard v0.0.0-20190314115158-7169d0afeb4f h1:UnS2RJ1y4KXbupaWRmMIkfFE9IBW//FiSCfTnHTsErI=
github.com/eiannone/keyboard v0.0.0-20190314115158-7169d0afeb4f/go.mod h1:Xoiu5VdKMvbRgHuY7+z64lhu/7lvax/22nzASF6GrO8=
github.com/gin-contrib/pprof v0.0.0-20180514151456-0ed7ffb6a189 h1:2tSSLyKO1QHTlJufylA1uDD8cXC/5sIEIo6TJcFiLek=
github.com/gin-contrib/pprof v0.0.0-20180514151456-0ed7ffb6a189/go.mod h1:rjNkoBuke5raVIHOBtw9U0BL9x22EQ/ZcoWrJ2nc0Yw=
github.com/gin-contrib/sse v0.0.0-20170109093832-22d885f9ecc7 h1:AzN37oI0cOS+cougNAV9szl6CVoj2RYwzS3DpUQNtlY=
github.com/gin-contrib/sse v0.0.0-20170109093832-22d885f9ecc7/go.mod h1:VJ0WA2NBN22VlZ2dKZQPAPnyWw5XTlK1KymzLKsr59s=
github.com/gin-contrib/static v0.0.0-20180301030858-73da7037e716 h1:seIQ8aTL430iQYzq6lrpYBpDe9nKH3Ea7MlwP5nhPQE=
github.com/gin-contrib/static v0.0.0-20180301030858-73da7037e716/go.mod h1:2fEScoZYr3j0CaSPS4VxkA76ygb6q7PvKW0Mha6hANQ=
github.com/gin-gonic/gin v1.3.0 h1:kCmZyPklC0gVdL728E6Aj20uYBJV93nj/TkwBTKhFbs=
github.com/gin-gonic/gin v1.3.0/go.mod h1:7cKuhb5qV2ggCFctp2fJQ+ErvciLZrIeoOSOm6mUr7Y=
github.com/go-ini/ini v1.49.0 h1:ymWFBUkwN3JFPjvjcJJ5TSTwh84M66QrH+8vOytLgRY=
github.com/go-ini/ini v1.49.0/go.mod h1:ByCAeIL28uOIIG0E3PJtZPDL8WnHpFKFOtgjp+3Ies8=
github.com/go-ole/go-ole v0.0.0-20180213002836-a1ec82a652eb/go.mod h1:7FAglXiTm7HKlQRDeOQ6ZNUHidzCWXuZWq/1dTyBNF8=
github.com/go-redis/redis v6.15.6+incompatible h1:H9evprGPLI8+ci7fxQx6WNZHJSb7be8FqJQRhdQZ5Sg=
github.com/go-redis/redis v6.15.6+incompatible/go.mod h1:NAIEuMOZ/fxfXJIrKDQDz8wamY7mA7PouImQ2Jvg6kA=
github.com/golang/protobuf v0.0.0-20180328163153-e09c5db29600 h1:9JtpUrGhEHL+r4w4ahu0MxGWacOcA3TwaDKdukl3YBg=
github.com/golang/protobuf v0.0.0-20180328163153-e09c5db29600/go.mod h1:6lQm79b+lXiMfvg/cZm0SGofjICqVBUtrP5yJMmIC1U=
github.com/gorilla/context v1.1.1 h1:AWwleXJkX/nhcU9bZSnZoi3h/qGYqQAGhq6zZe/aQW8=
github.com/gorilla/context v1.1.1/go.mod h1:kBGZzfjB9CEq2AlWe17Uuf7NDRt0dE0s8S51q0aT7Yg=
github.com/gorilla/securecookie v1.1.1 h1:miw7JPhV+b/lAHSXz4qd/nN9jRiAFV5FwjeKyCS8BvQ=
github.com/gorilla/securecookie v1.1.1/go.mod h1:ra0sb63/xPlUeL+yeDciTfxMRAA+MP+HVt/4epWDjd4=
github.com/gorilla/sessions v1.2.0 h1:S7P+1Hm5V/AT9cjEcUD5uDaQSX0OE577aCXgoaKpYbQ=
github.com/gorilla/sessions v1.2.0/go.mod h1:dk2InVEVJ0sfLlnXv9EAgkf6ecYs/i80K/zI+bUmuGM=
github.com/jinzhu/gorm v0.0.0-20180512062900-82eb9f8a5bbb h1:1047OTxX5WWP3oHVdAiJPHfMpmUdnqrBkpKYQwsNlDs=
github.com/jinzhu/gorm v0.0.0-20180512062900-82eb9f8a5bbb/go.mod h1:Vla75njaFJ8clLU1W44h34PjIkijhjHIYnZxMqCdxqo=
github.com/jinzhu/inflection v0.0.0-20180308033659-04140366298a h1:eeaG9XMUvRBYXJi4pg1ZKM7nxc5AfXfojeLLW7O5J3k=
github.com/jinzhu/inflection v0.0.0-20180308033659-04140366298a/go.mod h1:h+uFLlag+Qp1Va5pdKtLDYj+kHp5pxUVkryuEj+Srlc=
github.com/json-iterator/go v0.0.0-20180424004623-2ddf6d758266/go.mod h1:+SdeFBvtyEkXs7REEP0seUULqWtbJapLOCVDaaPEHmU=
github.com/mattn/go-isatty v0.0.4 h1:bnP0vzxcAdeI1zdubAl5PjU6zsERjGZb7raWodagDYs=
github.com/mattn/go-isatty v0.0.4/go.mod h1:M+lRXTBqGeGNdLjl/ufCoiOlB5xdOkqRJdNxMWT7Zi4=
github.com/mattn/go-sqlite3 v1.11.0 h1:LDdKkqtYlom37fkvqs8rMPFKAMe8+SgjbwZ6ex1/A/Q=
github.com/mattn/go-sqlite3 v1.11.0/go.mod h1:FPy6KqzDD04eiIsT53CuJW3U88zkxoIYsOqkbpncsNc=
github.com/modern-go/concurrent v0.0.0-20180306012644-bacd9c7ef1dd/go.mod h1:6dJC0mAP4ikYIbvyc7fijjWJddQyLn8Ig3JB5CqoB9Q=
github.com/modern-go/reflect2 v0.0.0-20180511053014-58118c1ea916/go.mod h1:bx2lNnkwVCuqBIxFjflWJWanXIb3RllmbCylyMrvgv0=
github.com/penggy/cors v0.0.0-20180918145040-d08bb28f7e48 h1:hy1KCfzBOzO70pyGh62FKDVu0lJN8vfKzvAwY9xPjVY=
github.com/penggy/cors v0.0.0-20180918145040-d08bb28f7e48/go.mod h1:7ZxfmRpyLzLsFuBNxwsTBq2+perYnFnMS9vEE4GQpkA=
github.com/pixelbender/go-sdp v0.0.0-20181123094152-100bc9371a0c h1:ijf5T8kOpH5BnYDzDiW9VH1XZxOuBFI61Cwz9q+EYSs=
github.com/pixelbender/go-sdp v0.0.0-20181123094152-100bc9371a0c/go.mod h1:yE4U5OCi03zduTr7IXX4DrYkxPRGjDXZKCdIkpom054=
github.com/shirou/gopsutil v0.0.0-20180417021151-63047d776e07 h1:wV2LGDgylz8+L7NtktoMxWqmon49F8Q5bdNfwUFarpk=
github.com/shirou/gopsutil v0.0.0-20180417021151-63047d776e07/go.mod h1:5b4v6he4MtMOwMlS0TUMTu2PcXUg8+E1lC7eC3UO/RA=
github.com/teris-io/shortid v0.0.0-20171029131806-771a37caa5cf h1:Z2X3Os7oRzpdJ75iPqWZc0HeJWFYNCvKsfpQwFpRNTA=
github.com/teris-io/shortid v0.0.0-20171029131806-771a37caa5cf/go.mod h1:M8agBzgqHIhgj7wEn9/0hJUZcrvt9VY+Ln+S1I5Mha0=
github.com/ugorji/go v0.0.0-20180307152341-02537d3a3e32 h1:mn45Lr9PZnyHQqFsyl4sYOET/0cujHmQkU1S6W+EcSI=
github.com/ugorji/go v0.0.0-20180307152341-02537d3a3e32/go.mod h1:hnLbHMwcvSihnDhEfx2/BzKp2xb0Y+ErdfYcrs9tkJQ=
golang.org/x/sys v0.0.0-20191104094858-e8c54fb511f6 h1:ZJUmhYTp8GbGC0ViZRc2U+MIYQ8xx9MscsdXnclfIhw=
golang.org/x/sys v0.0.0-20191104094858-e8c54fb511f6/go.mod h1:h1NjWce9XRLGQEsW7wpKNCjG9DtNlClVuFLEZdDNbEs=
gopkg.in/check.v1 v0.0.0-20161208181325-20d25e280405/go.mod h1:Co6ibVJAznAaIkqp8huTwlJQCZ016jof/cbN4VW5Yz0=
gopkg.in/go-playground/validator.v8 v8.18.2 h1:lFB4DoMU6B626w8ny76MV7VX6W2VHct2GVOI3xgiMrQ=
gopkg.in/go-playground/validator.v8 v8.18.2/go.mod h1:RX2a/7Ha8BgOhfk7j780h4/u/RRjR0eouCJSH80/M2Y=
gopkg.in/yaml.v2 v2.2.1 h1:mUhvW9EsL+naU5Q3cakzfE91YhliOondGd6ZrsDBHQE=
gopkg.in/yaml.v2 v2.2.1/go.mod h1:hI93XBmqTisBFMUTm0b8Fm+jr3Dg1NNxqwp+5A1VGuI=
